
Microsoft Visual Studio Solution File, Format Version 12.00
# Visual Studio 15
VisualStudioVersion = 15.0.28307.539
MinimumVisualStudioVersion = 10.0.40219.1
Project("{9A19103F-16F7-4668-BE54-9A1E7A4F7556}") = "ppedv.QualitySlegehammer.Model", "ppedv.QualitySlegehammer.Model\ppedv.QualitySlegehammer.Model.csproj", "{4507319B-B2B1-4BC6-9B6D-FDDF8AA6874F}"
EndProject
Project("{FAE04EC0-301F-11D3-BF4B-00C04F79EFBC}") = "ppedv.QualitySlegehammer.Data.EF", "ppedv.QualitySlegehammer.Data.EF\ppedv.QualitySlegehammer.Data.EF.csproj", "{AC551ECD-AABB-4CDE-A0F0-15D56E5A80B2}"
EndProject
Project("{FAE04EC0-301F-11D3-BF4B-00C04F79EFBC}") = "ppedv.QualitySlegehammer.Data.EF.Tests", "ppedv.QualitySlegehammer.Data.EF.Tests\ppedv.QualitySlegehammer.Data.EF.Tests.csproj", "{CF6DE418-F607-4726-AFB1-7007103EC757}"
EndProject
Project("{9A19103F-16F7-4668-BE54-9A1E7A4F7556}") = "ppedv.QualitySlegehammer.Logic", "ppedv.QualitySlegehammer.Logic\ppedv.QualitySlegehammer.Logic.csproj", "{DC0076DB-D206-4FBE-9175-D32D8D1D9FF7}"
EndProject
Project("{FAE04EC0-301F-11D3-BF4B-00C04F79EFBC}") = "ppedv.QualitySlegehammer.Logic.Tests", "ppedv.QualitySlegehammer.Logic.Tests\ppedv.QualitySlegehammer.Logic.Tests.csproj", "{87823154-0835-4A23-8D3C-6DF2FB0F249E}"
EndProject
Project("{FAE04EC0-301F-11D3-BF4B-00C04F79EFBC}") = "ppedv.QualitySlegehammer.UI.Web", "ppedv.QualitySlegehammer.UI.Web\ppedv.QualitySlegehammer.UI.Web.csproj", "{98246BA7-C54C-4BB9-A85C-754955EBE35C}"
EndProject
Project("{2150E333-8FDC-42A3-9474-1A3956D46DE8}") = "ExterneTreiber", "ExterneTreiber", "{E707D61C-6F18-43DF-B821-564A9A0A332C}"
EndProject
Project("{FAE04EC0-301F-11D3-BF4B-00C04F79EFBC}") = "BinFord.MegaBeeper5000", "BindFord.MegaBeeper5000\BinFord.MegaBeeper5000.csproj", "{2D2B3A4A-1F51-41B7-B8EF-3B06EB2BCA14}"
EndProject
Project("{FAE04EC0-301F-11D3-BF4B-00C04F79EFBC}") = "ppedv.QualitySlegehammer.Data.BinFord", "ppedv.QualitySlegehammer.Data.BinFord\ppedv.QualitySlegehammer.Data.BinFord.csproj", "{8F184F0F-DB61-4964-880E-D805FE791D86}"
EndProject
Project("{FAE04EC0-301F-11D3-BF4B-00C04F79EFBC}") = "ppedv.QualitySlegehammer.Data.BinFord.Tests", "ppedv.QualitySlegehammer.Data.BinFord.Tests\ppedv.QualitySlegehammer.Data.BinFord.Tests.csproj", "{B2817E69-C505-4270-B881-495CB9C455CE}"
EndProject
Global
	GlobalSection(SolutionConfigurationPlatforms) = preSolution
		Debug|Any CPU = Debug|Any CPU
		Release|Any CPU = Release|Any CPU
	EndGlobalSection
	GlobalSection(ProjectConfigurationPlatforms) = postSolution
		{4507319B-B2B1-4BC6-9B6D-FDDF8AA6874F}.Debug|Any CPU.ActiveCfg = Debug|Any CPU
		{4507319B-B2B1-4BC6-9B6D-FDDF8AA6874F}.Debug|Any CPU.Build.0 = Debug|Any CPU
		{4507319B-B2B1-4BC6-9B6D-FDDF8AA6874F}.Release|Any CPU.ActiveCfg = Release|Any CPU
		{4507319B-B2B1-4BC6-9B6D-FDDF8AA6874F}.Release|Any CPU.Build.0 = Release|Any CPU
		{AC551ECD-AABB-4CDE-A0F0-15D56E5A80B2}.Debug|Any CPU.ActiveCfg = Debug|Any CPU
		{AC551ECD-AABB-4CDE-A0F0-15D56E5A80B2}.Debug|Any CPU.Build.0 = Debug|Any CPU
		{AC551ECD-AABB-4CDE-A0F0-15D56E5A80B2}.Release|Any CPU.ActiveCfg = Release|Any CPU
		{AC551ECD-AABB-4CDE-A0F0-15D56E5A80B2}.Release|Any CPU.Build.0 = Release|Any CPU
		{CF6DE418-F607-4726-AFB1-7007103EC757}.Debug|Any CPU.ActiveCfg = Debug|Any CPU
		{CF6DE418-F607-4726-AFB1-7007103EC757}.Debug|Any CPU.Build.0 = Debug|Any CPU
		{CF6DE418-F607-4726-AFB1-7007103EC757}.Release|Any CPU.ActiveCfg = Release|Any CPU
		{CF6DE418-F607-4726-AFB1-7007103EC757}.Release|Any CPU.Build.0 = Release|Any CPU
		{DC0076DB-D206-4FBE-9175-D32D8D1D9FF7}.Debug|Any CPU.ActiveCfg = Debug|Any CPU
		{DC0076DB-D206-4FBE-9175-D32D8D1D9FF7}.Debug|Any CPU.Build.0 = Debug|Any CPU
		{DC0076DB-D206-4FBE-9175-D32D8D1D9FF7}.Release|Any CPU.ActiveCfg = Release|Any CPU
		{DC0076DB-D206-4FBE-9175-D32D8D1D9FF7}.Release|Any CPU.Build.0 = Release|Any CPU
		{87823154-0835-4A23-8D3C-6DF2FB0F249E}.Debug|Any CPU.ActiveCfg = Debug|Any CPU
		{87823154-0835-4A23-8D3C-6DF2FB0F249E}.Debug|Any CPU.Build.0 = Debug|Any CPU
		{87823154-0835-4A23-8D3C-6DF2FB0F249E}.Release|Any CPU.ActiveCfg = Release|Any CPU
		{87823154-0835-4A23-8D3C-6DF2FB0F249E}.Release|Any CPU.Build.0 = Release|Any CPU
		{98246BA7-C54C-4BB9-A85C-754955EBE35C}.Debug|Any CPU.ActiveCfg = Debug|Any CPU
		{98246BA7-C54C-4BB9-A85C-754955EBE35C}.Debug|Any CPU.Build.0 = Debug|Any CPU
		{98246BA7-C54C-4BB9-A85C-754955EBE35C}.Release|Any CPU.ActiveCfg = Release|Any CPU
		{98246BA7-C54C-4BB9-A85C-754955EBE35C}.Release|Any CPU.Build.0 = Release|Any CPU
		{2D2B3A4A-1F51-41B7-B8EF-3B06EB2BCA14}.Debug|Any CPU.ActiveCfg = Debug|Any CPU
		{2D2B3A4A-1F51-41B7-B8EF-3B06EB2BCA14}.Debug|Any CPU.Build.0 = Debug|Any CPU
		{2D2B3A4A-1F51-41B7-B8EF-3B06EB2BCA14}.Release|Any CPU.ActiveCfg = Release|Any CPU
		{2D2B3A4A-1F51-41B7-B8EF-3B06EB2BCA14}.Release|Any CPU.Build.0 = Release|Any CPU
		{8F184F0F-DB61-4964-880E-D805FE791D86}.Debug|Any CPU.ActiveCfg = Debug|Any CPU
		{8F184F0F-DB61-4964-880E-D805FE791D86}.Debug|Any CPU.Build.0 = Debug|Any CPU
		{8F184F0F-DB61-4964-880E-D805FE791D86}.Release|Any CPU.ActiveCfg = Release|Any CPU
		{8F184F0F-DB61-4964-880E-D805FE791D86}.Release|Any CPU.Build.0 = Release|Any CPU
		{B2817E69-C505-4270-B881-495CB9C455CE}.Debug|Any CPU.ActiveCfg = Debug|Any CPU
		{B2817E69-C505-4270-B881-495CB9C455CE}.Debug|Any CPU.Build.0 = Debug|Any CPU
		{B2817E69-C505-4270-B881-495CB9C455CE}.Release|Any CPU.ActiveCfg = Release|Any CPU
		{B2817E69-C505-4270-B881-495CB9C455CE}.Release|Any CPU.Build.0 = Release|Any CPU
	EndGlobalSection
	GlobalSection(SolutionProperties) = preSolution
		HideSolutionNode = FALSE
	EndGlobalSection
	GlobalSection(NestedProjects) = preSolution
		{2D2B3A4A-1F51-41B7-B8EF-3B06EB2BCA14} = {E707D61C-6F18-43DF-B821-564A9A0A332C}
	EndGlobalSection
	GlobalSection(ExtensibilityGlobals) = postSolution
		SolutionGuid = {2AB4304A-4C8C-46C3-B7A2-7FBF1C9322A7}
	EndGlobalSection
EndGlobal
